
Microsoft Visual Studio Solution File, Format Version 12.00
# Visual Studio Version 17
VisualStudioVersion = 17.0.31903.59
MinimumVisualStudioVersion = 10.0.40219.1
Project("{2150E333-8FDC-42A3-9474-1A3956D46DE8}") = "services", "services", "{5854FF58-B8C5-05C6-5BF2-ACE42193F22B}"
EndProject
Project("{2150E333-8FDC-42A3-9474-1A3956D46DE8}") = "UserService", "UserService", "{BB9B0570-D764-F740-A1C1-3444BA1D5022}"
EndProject
Project("{FAE04EC0-301F-11D3-BF4B-00C04F79EFBC}") = "UserService.API", "services\UserService\UserService.API\UserService.API.csproj", "{08CB2A04-09BF-4822-ADD9-D66B942D9E75}"
EndProject
Project("{FAE04EC0-301F-11D3-BF4B-00C04F79EFBC}") = "UserService.Application", "services\UserService\UserService.Application\UserService.Application.csproj", "{8542CC27-BC93-4646-BBED-E07257FDB18F}"
EndProject
Project("{2150E333-8FDC-42A3-9474-1A3956D46DE8}") = "RecipeService", "RecipeService", "{69D58621-7745-3D4D-D68C-92B94F8C08B3}"
EndProject
Project("{FAE04EC0-301F-11D3-BF4B-00C04F79EFBC}") = "RecipeService.API", "services\RecipeService\RecipeService.API\RecipeService.API.csproj", "{196A0B2B-A324-4231-AC1C-BED3150C23B6}"
EndProject
Project("{2150E333-8FDC-42A3-9474-1A3956D46DE8}") = "NotificationService", "NotificationService", "{74E836B4-46B0-66C7-E002-0B58C90F8616}"
EndProject
Project("{FAE04EC0-301F-11D3-BF4B-00C04F79EFBC}") = "NotificationService.API", "services\NotificationService\NotificationService.API\NotificationService.API.csproj", "{FE1D09F0-17F6-4A12-B591-20F8F6E69801}"
EndProject
Project("{2150E333-8FDC-42A3-9474-1A3956D46DE8}") = "MediaService", "MediaService", "{3D6DB6A6-9793-71F7-991E-37E9B7E685B7}"
EndProject
Project("{FAE04EC0-301F-11D3-BF4B-00C04F79EFBC}") = "MediaService.API", "services\MediaService\MediaService.API\MediaService.API.csproj", "{65C6CCB3-DA8C-49C7-8AE4-397EDA41F0AF}"
EndProject
Project("{2150E333-8FDC-42A3-9474-1A3956D46DE8}") = "CommentService", "CommentService", "{2F952FCE-D2F3-7726-F106-85024F24B0F5}"
EndProject
Project("{FAE04EC0-301F-11D3-BF4B-00C04F79EFBC}") = "CommentService.API", "services\CommentService\CommentService.API\CommentService.API.csproj", "{06AAE806-CB1C-443A-A0C7-2781A01D60B2}"
EndProject
Project("{2150E333-8FDC-42A3-9474-1A3956D46DE8}") = "AdminPanelService", "AdminPanelService", "{92071C48-C6E0-9757-3E94-3650B42DE100}"
EndProject
Project("{FAE04EC0-301F-11D3-BF4B-00C04F79EFBC}") = "AdminPanelService.API", "services\AdminPanelService\AdminPanelService.API\AdminPanelService.API.csproj", "{E2A746C7-A29B-49B0-8E97-3B9D684C252F}"
EndProject
Global
	GlobalSection(SolutionConfigurationPlatforms) = preSolution
		Debug|Any CPU = Debug|Any CPU
		Debug|x64 = Debug|x64
		Debug|x86 = Debug|x86
		Release|Any CPU = Release|Any CPU
		Release|x64 = Release|x64
		Release|x86 = Release|x86
	EndGlobalSection
	GlobalSection(ProjectConfigurationPlatforms) = postSolution
		{08CB2A04-09BF-4822-ADD9-D66B942D9E75}.Debug|Any CPU.ActiveCfg = Debug|Any CPU
		{08CB2A04-09BF-4822-ADD9-D66B942D9E75}.Debug|Any CPU.Build.0 = Debug|Any CPU
		{08CB2A04-09BF-4822-ADD9-D66B942D9E75}.Debug|x64.ActiveCfg = Debug|Any CPU
		{08CB2A04-09BF-4822-ADD9-D66B942D9E75}.Debug|x64.Build.0 = Debug|Any CPU
		{08CB2A04-09BF-4822-ADD9-D66B942D9E75}.Debug|x86.ActiveCfg = Debug|Any CPU
		{08CB2A04-09BF-4822-ADD9-D66B942D9E75}.Debug|x86.Build.0 = Debug|Any CPU
		{08CB2A04-09BF-4822-ADD9-D66B942D9E75}.Release|Any CPU.ActiveCfg = Release|Any CPU
		{08CB2A04-09BF-4822-ADD9-D66B942D9E75}.Release|Any CPU.Build.0 = Release|Any CPU
		{08CB2A04-09BF-4822-ADD9-D66B942D9E75}.Release|x64.ActiveCfg = Release|Any CPU
		{08CB2A04-09BF-4822-ADD9-D66B942D9E75}.Release|x64.Build.0 = Release|Any CPU
		{08CB2A04-09BF-4822-ADD9-D66B942D9E75}.Release|x86.ActiveCfg = Release|Any CPU
		{08CB2A04-09BF-4822-ADD9-D66B942D9E75}.Release|x86.Build.0 = Release|Any CPU
		{8542CC27-BC93-4646-BBED-E07257FDB18F}.Debug|Any CPU.ActiveCfg = Debug|Any CPU
		{8542CC27-BC93-4646-BBED-E07257FDB18F}.Debug|Any CPU.Build.0 = Debug|Any CPU
		{8542CC27-BC93-4646-BBED-E07257FDB18F}.Debug|x64.ActiveCfg = Debug|Any CPU
		{8542CC27-BC93-4646-BBED-E07257FDB18F}.Debug|x64.Build.0 = Debug|Any CPU
		{8542CC27-BC93-4646-BBED-E07257FDB18F}.Debug|x86.ActiveCfg = Debug|Any CPU
		{8542CC27-BC93-4646-BBED-E07257FDB18F}.Debug|x86.Build.0 = Debug|Any CPU
		{8542CC27-BC93-4646-BBED-E07257FDB18F}.Release|Any CPU.ActiveCfg = Release|Any CPU
		{8542CC27-BC93-4646-BBED-E07257FDB18F}.Release|Any CPU.Build.0 = Release|Any CPU
		{8542CC27-BC93-4646-BBED-E07257FDB18F}.Release|x64.ActiveCfg = Release|Any CPU
		{8542CC27-BC93-4646-BBED-E07257FDB18F}.Release|x64.Build.0 = Release|Any CPU
		{8542CC27-BC93-4646-BBED-E07257FDB18F}.Release|x86.ActiveCfg = Release|Any CPU
		{8542CC27-BC93-4646-BBED-E07257FDB18F}.Release|x86.Build.0 = Release|Any CPU
		{196A0B2B-A324-4231-AC1C-BED3150C23B6}.Debug|Any CPU.ActiveCfg = Debug|Any CPU
		{196A0B2B-A324-4231-AC1C-BED3150C23B6}.Debug|Any CPU.Build.0 = Debug|Any CPU
		{196A0B2B-A324-4231-AC1C-BED3150C23B6}.Debug|x64.ActiveCfg = Debug|Any CPU
		{196A0B2B-A324-4231-AC1C-BED3150C23B6}.Debug|x64.Build.0 = Debug|Any CPU
		{196A0B2B-A324-4231-AC1C-BED3150C23B6}.Debug|x86.ActiveCfg = Debug|Any CPU
		{196A0B2B-A324-4231-AC1C-BED3150C23B6}.Debug|x86.Build.0 = Debug|Any CPU
		{196A0B2B-A324-4231-AC1C-BED3150C23B6}.Release|Any CPU.ActiveCfg = Release|Any CPU
		{196A0B2B-A324-4231-AC1C-BED3150C23B6}.Release|Any CPU.Build.0 = Release|Any CPU
		{196A0B2B-A324-4231-AC1C-BED3150C23B6}.Release|x64.ActiveCfg = Release|Any CPU
		{196A0B2B-A324-4231-AC1C-BED3150C23B6}.Release|x64.Build.0 = Release|Any CPU
		{196A0B2B-A324-4231-AC1C-BED3150C23B6}.Release|x86.ActiveCfg = Release|Any CPU
		{196A0B2B-A324-4231-AC1C-BED3150C23B6}.Release|x86.Build.0 = Release|Any CPU
		{FE1D09F0-17F6-4A12-B591-20F8F6E69801}.Debug|Any CPU.ActiveCfg = Debug|Any CPU
		{FE1D09F0-17F6-4A12-B591-20F8F6E69801}.Debug|Any CPU.Build.0 = Debug|Any CPU
		{FE1D09F0-17F6-4A12-B591-20F8F6E69801}.Debug|x64.ActiveCfg = Debug|Any CPU
		{FE1D09F0-17F6-4A12-B591-20F8F6E69801}.Debug|x64.Build.0 = Debug|Any CPU
		{FE1D09F0-17F6-4A12-B591-20F8F6E69801}.Debug|x86.ActiveCfg = Debug|Any CPU
		{FE1D09F0-17F6-4A12-B591-20F8F6E69801}.Debug|x86.Build.0 = Debug|Any CPU
		{FE1D09F0-17F6-4A12-B591-20F8F6E69801}.Release|Any CPU.ActiveCfg = Release|Any CPU
		{FE1D09F0-17F6-4A12-B591-20F8F6E69801}.Release|Any CPU.Build.0 = Release|Any CPU
		{FE1D09F0-17F6-4A12-B591-20F8F6E69801}.Release|x64.ActiveCfg = Release|Any CPU
		{FE1D09F0-17F6-4A12-B591-20F8F6E69801}.Release|x64.Build.0 = Release|Any CPU
		{FE1D09F0-17F6-4A12-B591-20F8F6E69801}.Release|x86.ActiveCfg = Release|Any CPU
		{FE1D09F0-17F6-4A12-B591-20F8F6E69801}.Release|x86.Build.0 = Release|Any CPU
		{65C6CCB3-DA8C-49C7-8AE4-397EDA41F0AF}.Debug|Any CPU.ActiveCfg = Debug|Any CPU
		{65C6CCB3-DA8C-49C7-8AE4-397EDA41F0AF}.Debug|Any CPU.Build.0 = Debug|Any CPU
		{65C6CCB3-DA8C-49C7-8AE4-397EDA41F0AF}.Debug|x64.ActiveCfg = Debug|Any CPU
		{65C6CCB3-DA8C-49C7-8AE4-397EDA41F0AF}.Debug|x64.Build.0 = Debug|Any CPU
		{65C6CCB3-DA8C-49C7-8AE4-397EDA41F0AF}.Debug|x86.ActiveCfg = Debug|Any CPU
		{65C6CCB3-DA8C-49C7-8AE4-397EDA41F0AF}.Debug|x86.Build.0 = Debug|Any CPU
		{65C6CCB3-DA8C-49C7-8AE4-397EDA41F0AF}.Release|Any CPU.ActiveCfg = Release|Any CPU
		{65C6CCB3-DA8C-49C7-8AE4-397EDA41F0AF}.Release|Any CPU.Build.0 = Release|Any CPU
		{65C6CCB3-DA8C-49C7-8AE4-397EDA41F0AF}.Release|x64.ActiveCfg = Release|Any CPU
		{65C6CCB3-DA8C-49C7-8AE4-397EDA41F0AF}.Release|x64.Build.0 = Release|Any CPU
		{65C6CCB3-DA8C-49C7-8AE4-397EDA41F0AF}.Release|x86.ActiveCfg = Release|Any CPU
		{65C6CCB3-DA8C-49C7-8AE4-397EDA41F0AF}.Release|x86.Build.0 = Release|Any CPU
		{06AAE806-CB1C-443A-A0C7-2781A01D60B2}.Debug|Any CPU.ActiveCfg = Debug|Any CPU
		{06AAE806-CB1C-443A-A0C7-2781A01D60B2}.Debug|Any CPU.Build.0 = Debug|Any CPU
		{06AAE806-CB1C-443A-A0C7-2781A01D60B2}.Debug|x64.ActiveCfg = Debug|Any CPU
		{06AAE806-CB1C-443A-A0C7-2781A01D60B2}.Debug|x64.Build.0 = Debug|Any CPU
		{06AAE806-CB1C-443A-A0C7-2781A01D60B2}.Debug|x86.ActiveCfg = Debug|Any CPU
		{06AAE806-CB1C-443A-A0C7-2781A01D60B2}.Debug|x86.Build.0 = Debug|Any CPU
		{06AAE806-CB1C-443A-A0C7-2781A01D60B2}.Release|Any CPU.ActiveCfg = Release|Any CPU
		{06AAE806-CB1C-443A-A0C7-2781A01D60B2}.Release|Any CPU.Build.0 = Release|Any CPU
		{06AAE806-CB1C-443A-A0C7-2781A01D60B2}.Release|x64.ActiveCfg = Release|Any CPU
		{06AAE806-CB1C-443A-A0C7-2781A01D60B2}.Release|x64.Build.0 = Release|Any CPU
		{06AAE806-CB1C-443A-A0C7-2781A01D60B2}.Release|x86.ActiveCfg = Release|Any CPU
		{06AAE806-CB1C-443A-A0C7-2781A01D60B2}.Release|x86.Build.0 = Release|Any CPU
		{E2A746C7-A29B-49B0-8E97-3B9D684C252F}.Debug|Any CPU.ActiveCfg = Debug|Any CPU
		{E2A746C7-A29B-49B0-8E97-3B9D684C252F}.Debug|Any CPU.Build.0 = Debug|Any CPU
		{E2A746C7-A29B-49B0-8E97-3B9D684C252F}.Debug|x64.ActiveCfg = Debug|Any CPU
		{E2A746C7-A29B-49B0-8E97-3B9D684C252F}.Debug|x64.Build.0 = Debug|Any CPU
		{E2A746C7-A29B-49B0-8E97-3B9D684C252F}.Debug|x86.ActiveCfg = Debug|Any CPU
		{E2A746C7-A29B-49B0-8E97-3B9D684C252F}.Debug|x86.Build.0 = Debug|Any CPU
		{E2A746C7-A29B-49B0-8E97-3B9D684C252F}.Release|Any CPU.ActiveCfg = Release|Any CPU
		{E2A746C7-A29B-49B0-8E97-3B9D684C252F}.Release|Any CPU.Build.0 = Release|Any CPU
		{E2A746C7-A29B-49B0-8E97-3B9D684C252F}.Release|x64.ActiveCfg = Release|Any CPU
		{E2A746C7-A29B-49B0-8E97-3B9D684C252F}.Release|x64.Build.0 = Release|Any CPU
		{E2A746C7-A29B-49B0-8E97-3B9D684C252F}.Release|x86.ActiveCfg = Release|Any CPU
		{E2A746C7-A29B-49B0-8E97-3B9D684C252F}.Release|x86.Build.0 = Release|Any CPU
	EndGlobalSection
	GlobalSection(SolutionProperties) = preSolution
		HideSolutionNode = FALSE
	EndGlobalSection
	GlobalSection(NestedProjects) = preSolution
		{BB9B0570-D764-F740-A1C1-3444BA1D5022} = {5854FF58-B8C5-05C6-5BF2-ACE42193F22B}
		{08CB2A04-09BF-4822-ADD9-D66B942D9E75} = {BB9B0570-D764-F740-A1C1-3444BA1D5022}
		{8542CC27-BC93-4646-BBED-E07257FDB18F} = {BB9B0570-D764-F740-A1C1-3444BA1D5022}
		{69D58621-7745-3D4D-D68C-92B94F8C08B3} = {5854FF58-B8C5-05C6-5BF2-ACE42193F22B}
		{196A0B2B-A324-4231-AC1C-BED3150C23B6} = {69D58621-7745-3D4D-D68C-92B94F8C08B3}
		{74E836B4-46B0-66C7-E002-0B58C90F8616} = {5854FF58-B8C5-05C6-5BF2-ACE42193F22B}
		{FE1D09F0-17F6-4A12-B591-20F8F6E69801} = {74E836B4-46B0-66C7-E002-0B58C90F8616}
		{3D6DB6A6-9793-71F7-991E-37E9B7E685B7} = {5854FF58-B8C5-05C6-5BF2-ACE42193F22B}
		{65C6CCB3-DA8C-49C7-8AE4-397EDA41F0AF} = {3D6DB6A6-9793-71F7-991E-37E9B7E685B7}
		{2F952FCE-D2F3-7726-F106-85024F24B0F5} = {5854FF58-B8C5-05C6-5BF2-ACE42193F22B}
		{06AAE806-CB1C-443A-A0C7-2781A01D60B2} = {2F952FCE-D2F3-7726-F106-85024F24B0F5}
		{92071C48-C6E0-9757-3E94-3650B42DE100} = {5854FF58-B8C5-05C6-5BF2-ACE42193F22B}
		{E2A746C7-A29B-49B0-8E97-3B9D684C252F} = {92071C48-C6E0-9757-3E94-3650B42DE100}
	EndGlobalSection
	GlobalSection(ExtensibilityGlobals) = postSolution
		SolutionGuid = {F2384076-FAF9-4847-9E0C-9F37A2CDD049}
	EndGlobalSection
EndGlobal
